<?xml version="1.0" encoding="utf-8"?>
<Project ToolsVersion="4.0" xmlns="http://schemas.microsoft.com/developer/msbuild/2003">
  <ItemGroup>
    <Filter Include="소스 파일">
      <UniqueIdentifier>{4FC737F1-C7A5-4376-A066-2A32D752A2FF}</UniqueIdentifier>
      <Extensions>cpp;c;cc;cxx;def;odl;idl;hpj;bat;asm;asmx</Extensions>
    </Filter>
    <Filter Include="리소스 파일">
      <UniqueIdentifier>{67DA6AB6-F800-4c08-8B7A-83BB121AAD01}</UniqueIdentifier>
      <Extensions>rc;ico;cur;bmp;dlg;rc2;rct;bin;rgs;gif;jpg;jpeg;jpe;resx;tiff;tif;png;wav;mfcribbon-ms</Extensions>
    </Filter>
    <Filter Include="MainHeaderCpp">
      <UniqueIdentifier>{e2a991eb-6080-48e5-8dca-1e83e2540fc1}</UniqueIdentifier>
    </Filter>
    <Filter Include="System">
      <UniqueIdentifier>{1088763d-db18-49c3-be4f-02707dbb3234}</UniqueIdentifier>
    </Filter>
    <Filter Include="Util">
      <UniqueIdentifier>{c276c53d-0ad7-4acc-9e61-b7f084f40036}</UniqueIdentifier>
    </Filter>
    <Filter Include="MainEntry">
      <UniqueIdentifier>{5fd42d8a-95e6-40ca-8644-5971392ed66c}</UniqueIdentifier>
    </Filter>
    <Filter Include="System\Window">
      <UniqueIdentifier>{2e3e480f-7c22-4601-b6ed-9ef01f8f90b3}</UniqueIdentifier>
    </Filter>
    <Filter Include="System\Input">
      <UniqueIdentifier>{86c2e3dc-712c-4456-bf54-0641c7edd10c}</UniqueIdentifier>
    </Filter>
    <Filter Include="System\Time">
      <UniqueIdentifier>{c521516d-1ff5-4a67-8329-df29d968d302}</UniqueIdentifier>
    </Filter>
    <Filter Include="System\GameEngine">
      <UniqueIdentifier>{c1b4395d-81f4-48d1-84a3-550d0b1d6227}</UniqueIdentifier>
    </Filter>
    <Filter Include="System\Direct3D">
      <UniqueIdentifier>{56ffe07e-de2f-4b75-80ae-46e53b5958ff}</UniqueIdentifier>
    </Filter>
    <Filter Include="System\Direct2D">
      <UniqueIdentifier>{9c8dee2f-3dec-4b9d-8aa2-ec26830e6a26}</UniqueIdentifier>
    </Filter>
    <Filter Include="System\Image">
      <UniqueIdentifier>{17523eae-943d-4bd0-8dbd-bff333d94d74}</UniqueIdentifier>
    </Filter>
    <Filter Include="Shader">
      <UniqueIdentifier>{94f043af-f5e7-4dab-aaa6-d434dbfc6453}</UniqueIdentifier>
    </Filter>
    <Filter Include="Util\Math">
      <UniqueIdentifier>{ab238667-bd38-4ee5-b864-5883b8402f42}</UniqueIdentifier>
    </Filter>
    <Filter Include="Util\String">
      <UniqueIdentifier>{61b60a8b-7f86-4e8e-879e-7043a6aa993a}</UniqueIdentifier>
    </Filter>
    <Filter Include="헤더 파일">
      <UniqueIdentifier>{93995380-89BD-4b04-88EB-625FBE52EBFB}</UniqueIdentifier>
      <Extensions>h;hh;hpp;hxx;hm;inl;inc;ipp;xsd</Extensions>
    </Filter>
    <Filter Include="Util\Figure">
      <UniqueIdentifier>{8b6f8296-0ae8-4b36-aa2b-43b665048919}</UniqueIdentifier>
    </Filter>
    <Filter Include="System\TSingleton">
      <UniqueIdentifier>{1a6d4e90-4ecd-4494-bc0e-af3f75c6e8c6}</UniqueIdentifier>
    </Filter>
    <Filter Include="Shader\Buffer">
      <UniqueIdentifier>{f4ccaa47-b077-4052-ac27-e0a66e42c609}</UniqueIdentifier>
    </Filter>
    <Filter Include="Shader\Shader">
      <UniqueIdentifier>{4a004394-2304-44d1-8033-70e319060031}</UniqueIdentifier>
    </Filter>
    <Filter Include="Shader\HLSL">
      <UniqueIdentifier>{90d93320-48d0-4d74-8450-771d15b5cdd0}</UniqueIdentifier>
    </Filter>
    <Filter Include="Util\Transform">
      <UniqueIdentifier>{0bc34f54-b005-4369-be8b-22023b78e710}</UniqueIdentifier>
    </Filter>
    <Filter Include="System\MessageModule">
      <UniqueIdentifier>{7e40924f-152a-41ef-b251-87f8cf4772f6}</UniqueIdentifier>
    </Filter>
    <Filter Include="System\Interface">
      <UniqueIdentifier>{8882a2fb-300f-408d-8984-8591f02a7726}</UniqueIdentifier>
    </Filter>
    <Filter Include="System\GameEngine\SceneManager">
      <UniqueIdentifier>{4a2c5da9-f0ea-4b3b-b005-f5dc69316cc8}</UniqueIdentifier>
    </Filter>
    <Filter Include="System\GameEngine\SceneManager\SceneBase">
      <UniqueIdentifier>{8b6009e4-5490-4430-895b-05748257905f}</UniqueIdentifier>
    </Filter>
    <Filter Include="System\GameObject">
      <UniqueIdentifier>{41c72129-c039-4559-8c3d-b3cb7a15b16f}</UniqueIdentifier>
    </Filter>
    <Filter Include="System\GameEngine\ObjectPool">
      <UniqueIdentifier>{899efce5-8949-4e19-94aa-eadf50314ca5}</UniqueIdentifier>
    </Filter>
    <Filter Include="Util\LoadingThread">
      <UniqueIdentifier>{cc01e258-1867-4d97-8146-086e983205c5}</UniqueIdentifier>
    </Filter>
    <Filter Include="System\GameEngine\UpdatePool">
      <UniqueIdentifier>{6aff293f-d96a-4229-accd-cb0fa4253327}</UniqueIdentifier>
    </Filter>
    <Filter Include="System\GameEngine\RenderPool">
      <UniqueIdentifier>{19ad81b9-35ef-468b-83ad-a2b1392c7fe8}</UniqueIdentifier>
    </Filter>
    <Filter Include="System\GameEngine\SceneManager\LoadingScene">
      <UniqueIdentifier>{72a1de35-2ef1-414e-9433-25a78e9745d3}</UniqueIdentifier>
    </Filter>
    <Filter Include="System\GameEngine\LightSystem">
      <UniqueIdentifier>{758828ee-c207-4d2a-9c7f-dd0c6bdf734d}</UniqueIdentifier>
    </Filter>
    <Filter Include="System\DebugSystem">
      <UniqueIdentifier>{1b1a322e-6351-4b49-b8b2-dbb8761d05f8}</UniqueIdentifier>
    </Filter>
    <Filter Include="Util\File">
      <UniqueIdentifier>{9dad287f-9d50-4188-9f5e-35cda007b18f}</UniqueIdentifier>
    </Filter>
  </ItemGroup>
  <ItemGroup>
    <ClInclude Include="Resource.h">
      <Filter>리소스 파일</Filter>
    </ClInclude>
    <ClInclude Include="Spelunky.h">
      <Filter>리소스 파일</Filter>
    </ClInclude>
    <ClInclude Include="targetver.h">
      <Filter>리소스 파일</Filter>
    </ClInclude>
    <ClInclude Include="stdafx.h">
      <Filter>MainHeaderCpp</Filter>
    </ClInclude>
    <ClInclude Include="DefineHeader.h">
      <Filter>MainHeaderCpp</Filter>
    </ClInclude>
    <ClInclude Include="EnumStructHeader.h">
      <Filter>MainHeaderCpp</Filter>
    </ClInclude>
    <ClInclude Include="ModuleHeader.h">
      <Filter>MainHeaderCpp</Filter>
    </ClInclude>
    <ClInclude Include="LibraryHeader.h">
      <Filter>MainHeaderCpp</Filter>
    </ClInclude>
    <ClInclude Include="Program.h">
      <Filter>MainEntry</Filter>
    </ClInclude>
    <ClInclude Include="StringHelper.h">
      <Filter>Util\String</Filter>
    </ClInclude>
    <ClInclude Include="Math.h">
      <Filter>Util\Math</Filter>
    </ClInclude>
    <ClInclude Include="Vector2.h">
      <Filter>Util\Math</Filter>
    </ClInclude>
    <ClInclude Include="Figure.h">
      <Filter>Util\Figure</Filter>
    </ClInclude>
    <ClInclude Include="FloatEllipse.h">
      <Filter>Util\Figure</Filter>
    </ClInclude>
    <ClInclude Include="FloatRect.h">
      <Filter>Util\Figure</Filter>
    </ClInclude>
    <ClInclude Include="Line.h">
      <Filter>Util\Figure</Filter>
    </ClInclude>
    <ClInclude Include="Input.h">
      <Filter>System\Input</Filter>
    </ClInclude>
    <ClInclude Include="D2DRenderer.h">
      <Filter>System\Direct2D</Filter>
    </ClInclude>
    <ClInclude Include="Image.h">
      <Filter>System\Image</Filter>
    </ClInclude>
    <ClInclude Include="ImageManager.h">
      <Filter>System\Image</Filter>
    </ClInclude>
    <ClInclude Include="TimeManager.h">
      <Filter>System\Time</Filter>
    </ClInclude>
    <ClInclude Include="Window.h">
      <Filter>System\Window</Filter>
    </ClInclude>
    <ClInclude Include="SingletonBase.h">
      <Filter>System\TSingleton</Filter>
    </ClInclude>
    <ClInclude Include="ShaderBuffer.h">
      <Filter>Shader\Buffer</Filter>
    </ClInclude>
    <ClInclude Include="Buffer.h">
      <Filter>Shader\Buffer</Filter>
    </ClInclude>
    <ClInclude Include="Shader.h">
      <Filter>Shader\Shader</Filter>
    </ClInclude>
    <ClInclude Include="RenderTargetBuffer.h">
      <Filter>Shader\Buffer</Filter>
    </ClInclude>
    <ClInclude Include="D3DRenderer.h">
      <Filter>System\Direct3D</Filter>
    </ClInclude>
    <ClInclude Include="Transform.h">
      <Filter>Util\Transform</Filter>
    </ClInclude>
    <ClInclude Include="DataContext.h">
      <Filter>System\MessageModule</Filter>
    </ClInclude>
    <ClInclude Include="MessageComponent.h">
      <Filter>System\MessageModule</Filter>
    </ClInclude>
    <ClInclude Include="MessageManager.h">
      <Filter>System\MessageModule</Filter>
    </ClInclude>
    <ClInclude Include="GameObject.h">
      <Filter>System\GameObject</Filter>
    </ClInclude>
    <ClInclude Include="SceneManager.h">
      <Filter>System\GameEngine\SceneManager</Filter>
    </ClInclude>
    <ClInclude Include="SceneBase.h">
      <Filter>System\GameEngine\SceneManager\SceneBase</Filter>
    </ClInclude>
    <ClInclude Include="Loading.h">
      <Filter>Util\LoadingThread</Filter>
    </ClInclude>
    <ClInclude Include="ObjectPool.h">
      <Filter>System\GameEngine\ObjectPool</Filter>
    </ClInclude>
    <ClInclude Include="UpdatePool.h">
      <Filter>System\GameEngine\UpdatePool</Filter>
    </ClInclude>
    <ClInclude Include="RenderPool.h">
      <Filter>System\GameEngine\RenderPool</Filter>
    </ClInclude>
    <ClInclude Include="LightingManager.h">
      <Filter>System\GameEngine\LightSystem</Filter>
    </ClInclude>
    <ClInclude Include="ObjectInterface.h">
      <Filter>System\Interface</Filter>
    </ClInclude>
    <ClInclude Include="BinaryFile.h">
      <Filter>Util\File</Filter>
    </ClInclude>
    <ClInclude Include="Path.h">
      <Filter>Util\File</Filter>
    </ClInclude>
    <ClInclude Include="TextFile.h">
      <Filter>Util\File</Filter>
    </ClInclude>
  </ItemGroup>
  <ItemGroup>
    <ClCompile Include="Spelunky.cpp">
      <Filter>MainHeaderCpp</Filter>
    </ClCompile>
    <ClCompile Include="stdafx.cpp">
      <Filter>리소스 파일</Filter>
    </ClCompile>
    <ClCompile Include="Program.cpp">
      <Filter>MainEntry</Filter>
    </ClCompile>
    <ClCompile Include="StringHelper.cpp">
      <Filter>Util\String</Filter>
    </ClCompile>
    <ClCompile Include="Math.cpp">
      <Filter>Util\Math</Filter>
    </ClCompile>
    <ClCompile Include="Vector2.cpp">
      <Filter>Util\Math</Filter>
    </ClCompile>
    <ClCompile Include="Figure.cpp">
      <Filter>Util\Figure</Filter>
    </ClCompile>
    <ClCompile Include="FloatEllipse.cpp">
      <Filter>Util\Figure</Filter>
    </ClCompile>
    <ClCompile Include="FloatRect.cpp">
      <Filter>Util\Figure</Filter>
    </ClCompile>
    <ClCompile Include="Line.cpp">
      <Filter>Util\Figure</Filter>
    </ClCompile>
    <ClCompile Include="Input.cpp">
      <Filter>System\Input</Filter>
    </ClCompile>
    <ClCompile Include="D2DRenderer + DrawFunc.cpp">
      <Filter>System\Direct2D</Filter>
    </ClCompile>
    <ClCompile Include="D2DRenderer.cpp">
      <Filter>System\Direct2D</Filter>
    </ClCompile>
    <ClCompile Include="Image.cpp">
      <Filter>System\Image</Filter>
    </ClCompile>
    <ClCompile Include="ImageManager.cpp">
      <Filter>System\Image</Filter>
    </ClCompile>
    <ClCompile Include="TimeManager.cpp">
      <Filter>System\Time</Filter>
    </ClCompile>
    <ClCompile Include="Window.cpp">
      <Filter>System\Window</Filter>
    </ClCompile>
    <ClCompile Include="Buffer.cpp">
      <Filter>Shader\Buffer</Filter>
    </ClCompile>
    <ClCompile Include="Shader.cpp">
      <Filter>Shader\Shader</Filter>
    </ClCompile>
    <ClCompile Include="RenderTargetBuffer.cpp">
      <Filter>Shader\Buffer</Filter>
    </ClCompile>
    <ClCompile Include="D3DRenderer.cpp">
      <Filter>System\Direct3D</Filter>
    </ClCompile>
    <ClCompile Include="Transform.cpp">
      <Filter>Util\Transform</Filter>
    </ClCompile>
    <ClCompile Include="GameObject.cpp">
      <Filter>System\GameObject</Filter>
    </ClCompile>
    <ClCompile Include="DataContext.cpp">
      <Filter>System\MessageModule</Filter>
    </ClCompile>
    <ClCompile Include="MessageComponent.cpp">
      <Filter>System\MessageModule</Filter>
    </ClCompile>
    <ClCompile Include="MessageManager.cpp">
      <Filter>System\MessageModule</Filter>
    </ClCompile>
    <ClCompile Include="SceneManager.cpp">
      <Filter>System\GameEngine\SceneManager</Filter>
    </ClCompile>
    <ClCompile Include="SceneBase.cpp">
      <Filter>System\GameEngine\SceneManager\SceneBase</Filter>
    </ClCompile>
    <ClCompile Include="Loading.cpp">
      <Filter>Util\LoadingThread</Filter>
    </ClCompile>
    <ClCompile Include="ObjectPool.cpp">
      <Filter>System\GameEngine\ObjectPool</Filter>
    </ClCompile>
    <ClCompile Include="UpdatePool.cpp">
      <Filter>System\GameEngine\UpdatePool</Filter>
    </ClCompile>
    <ClCompile Include="RenderPool.cpp">
      <Filter>System\GameEngine\RenderPool</Filter>
    </ClCompile>
    <ClCompile Include="LightingManager.cpp">
      <Filter>System\GameEngine\LightSystem</Filter>
    </ClCompile>
    <ClCompile Include="ObjectInterface.cpp">
      <Filter>System\Interface</Filter>
    </ClCompile>
    <ClCompile Include="BinaryFile.cpp">
      <Filter>Util\File</Filter>
    </ClCompile>
    <ClCompile Include="Path.cpp">
      <Filter>Util\File</Filter>
    </ClCompile>
    <ClCompile Include="TextFile.cpp">
      <Filter>Util\File</Filter>
    </ClCompile>
  </ItemGroup>
  <ItemGroup>
    <ResourceCompile Include="Spelunky.rc">
      <Filter>리소스 파일</Filter>
    </ResourceCompile>
  </ItemGroup>
  <ItemGroup>
    <Image Include="small.ico">
      <Filter>리소스 파일</Filter>
    </Image>
    <Image Include="Spelunky.ico">
      <Filter>리소스 파일</Filter>
    </Image>
  </ItemGroup>
  <ItemGroup>
    <None Include="Deferred.hlsl">
      <Filter>Shader\HLSL</Filter>
    </None>
    <None Include="Lighting.hlsl">
      <Filter>Shader\HLSL</Filter>
    </None>
  </ItemGroup>
</Project>