<?xml version="1.0" encoding="utf-8"?>
<Project ToolsVersion="4.0" xmlns="http://schemas.microsoft.com/developer/msbuild/2003">
  <ItemGroup>
    <Filter Include="소스 파일">
      <UniqueIdentifier>{4FC737F1-C7A5-4376-A066-2A32D752A2FF}</UniqueIdentifier>
      <Extensions>cpp;c;cc;cxx;def;odl;idl;hpj;bat;asm;asmx</Extensions>
    </Filter>
    <Filter Include="리소스 파일">
      <UniqueIdentifier>{67DA6AB6-F800-4c08-8B7A-83BB121AAD01}</UniqueIdentifier>
      <Extensions>rc;ico;cur;bmp;dlg;rc2;rct;bin;rgs;gif;jpg;jpeg;jpe;resx;tiff;tif;png;wav;mfcribbon-ms</Extensions>
    </Filter>
    <Filter Include="MainHeaderCpp">
      <UniqueIdentifier>{e2a991eb-6080-48e5-8dca-1e83e2540fc1}</UniqueIdentifier>
    </Filter>
    <Filter Include="System">
      <UniqueIdentifier>{1088763d-db18-49c3-be4f-02707dbb3234}</UniqueIdentifier>
    </Filter>
    <Filter Include="MainEntry">
      <UniqueIdentifier>{5fd42d8a-95e6-40ca-8644-5971392ed66c}</UniqueIdentifier>
    </Filter>
    <Filter Include="System\Window">
      <UniqueIdentifier>{2e3e480f-7c22-4601-b6ed-9ef01f8f90b3}</UniqueIdentifier>
    </Filter>
    <Filter Include="System\Input">
      <UniqueIdentifier>{86c2e3dc-712c-4456-bf54-0641c7edd10c}</UniqueIdentifier>
    </Filter>
    <Filter Include="System\Time">
      <UniqueIdentifier>{c521516d-1ff5-4a67-8329-df29d968d302}</UniqueIdentifier>
    </Filter>
    <Filter Include="System\GameEngine">
      <UniqueIdentifier>{c1b4395d-81f4-48d1-84a3-550d0b1d6227}</UniqueIdentifier>
    </Filter>
    <Filter Include="System\Direct3D">
      <UniqueIdentifier>{56ffe07e-de2f-4b75-80ae-46e53b5958ff}</UniqueIdentifier>
    </Filter>
    <Filter Include="System\Direct2D">
      <UniqueIdentifier>{9c8dee2f-3dec-4b9d-8aa2-ec26830e6a26}</UniqueIdentifier>
    </Filter>
    <Filter Include="System\Image">
      <UniqueIdentifier>{17523eae-943d-4bd0-8dbd-bff333d94d74}</UniqueIdentifier>
    </Filter>
    <Filter Include="Shader">
      <UniqueIdentifier>{94f043af-f5e7-4dab-aaa6-d434dbfc6453}</UniqueIdentifier>
    </Filter>
    <Filter Include="헤더 파일">
      <UniqueIdentifier>{93995380-89BD-4b04-88EB-625FBE52EBFB}</UniqueIdentifier>
      <Extensions>h;hh;hpp;hxx;hm;inl;inc;ipp;xsd</Extensions>
    </Filter>
    <Filter Include="System\TSingleton">
      <UniqueIdentifier>{1a6d4e90-4ecd-4494-bc0e-af3f75c6e8c6}</UniqueIdentifier>
    </Filter>
    <Filter Include="Shader\Buffer">
      <UniqueIdentifier>{f4ccaa47-b077-4052-ac27-e0a66e42c609}</UniqueIdentifier>
    </Filter>
    <Filter Include="Shader\Shader">
      <UniqueIdentifier>{4a004394-2304-44d1-8033-70e319060031}</UniqueIdentifier>
    </Filter>
    <Filter Include="Shader\HLSL">
      <UniqueIdentifier>{90d93320-48d0-4d74-8450-771d15b5cdd0}</UniqueIdentifier>
    </Filter>
    <Filter Include="System\GameEngine\SceneManager">
      <UniqueIdentifier>{4a2c5da9-f0ea-4b3b-b005-f5dc69316cc8}</UniqueIdentifier>
    </Filter>
    <Filter Include="System\GameEngine\SceneManager\SceneBase">
      <UniqueIdentifier>{8b6009e4-5490-4430-895b-05748257905f}</UniqueIdentifier>
    </Filter>
    <Filter Include="System\GameEngine\ObjectPool">
      <UniqueIdentifier>{899efce5-8949-4e19-94aa-eadf50314ca5}</UniqueIdentifier>
    </Filter>
    <Filter Include="System\GameEngine\UpdatePool">
      <UniqueIdentifier>{6aff293f-d96a-4229-accd-cb0fa4253327}</UniqueIdentifier>
    </Filter>
    <Filter Include="System\GameEngine\RenderPool">
      <UniqueIdentifier>{19ad81b9-35ef-468b-83ad-a2b1392c7fe8}</UniqueIdentifier>
    </Filter>
    <Filter Include="System\GameEngine\SceneManager\LoadingScene">
      <UniqueIdentifier>{72a1de35-2ef1-414e-9433-25a78e9745d3}</UniqueIdentifier>
    </Filter>
    <Filter Include="System\GameEngine\LightSystem">
      <UniqueIdentifier>{758828ee-c207-4d2a-9c7f-dd0c6bdf734d}</UniqueIdentifier>
    </Filter>
    <Filter Include="System\DebugSystem">
      <UniqueIdentifier>{1b1a322e-6351-4b49-b8b2-dbb8761d05f8}</UniqueIdentifier>
    </Filter>
    <Filter Include="System\GameEngine\Physics">
      <UniqueIdentifier>{d33101e3-315e-4790-9917-501981ec3b44}</UniqueIdentifier>
    </Filter>
    <Filter Include="MainEntry\TestScene">
      <UniqueIdentifier>{cd8aa660-112c-4def-a6fd-5593c33ab904}</UniqueIdentifier>
    </Filter>
    <Filter Include="System\GameObjectBase">
      <UniqueIdentifier>{41c72129-c039-4559-8c3d-b3cb7a15b16f}</UniqueIdentifier>
    </Filter>
    <Filter Include="System\Camera">
      <UniqueIdentifier>{932673ea-058b-4604-974b-8c0ecbb21d8c}</UniqueIdentifier>
    </Filter>
    <Filter Include="InGameObject">
      <UniqueIdentifier>{53a16da6-ca74-4017-9002-3b9e11b2f257}</UniqueIdentifier>
    </Filter>
    <Filter Include="InGameObject\Tile">
      <UniqueIdentifier>{89147711-0561-48da-bf82-10a1d3645d53}</UniqueIdentifier>
    </Filter>
    <Filter Include="MainEntry\Delaunay">
      <UniqueIdentifier>{93ac3b38-222f-4fb9-a0a7-e1f618725d93}</UniqueIdentifier>
    </Filter>
    <Filter Include="InGameObject\BackGround">
      <UniqueIdentifier>{017900db-78d1-4851-89c1-3bbac6d13831}</UniqueIdentifier>
    </Filter>
    <Filter Include="MainEntry\MapToolScene">
      <UniqueIdentifier>{b06f1e82-9270-47c7-8ac8-b34ea2e34891}</UniqueIdentifier>
    </Filter>
    <Filter Include="InGameObject\Unit">
      <UniqueIdentifier>{299a3e9c-cb5b-43c2-9a8c-e4189ed29bf1}</UniqueIdentifier>
    </Filter>
    <Filter Include="System\GameEngine\MessageModule">
      <UniqueIdentifier>{7e40924f-152a-41ef-b251-87f8cf4772f6}</UniqueIdentifier>
    </Filter>
    <Filter Include="System\Interface">
      <UniqueIdentifier>{8882a2fb-300f-408d-8984-8591f02a7726}</UniqueIdentifier>
    </Filter>
    <Filter Include="InGameObject\Unit\UnitState">
      <UniqueIdentifier>{711fd95e-3c70-48d7-ae7e-27d74268d352}</UniqueIdentifier>
    </Filter>
    <Filter Include="InGameObject\Player">
      <UniqueIdentifier>{986a432f-731b-40ce-9eac-db6dd3c53281}</UniqueIdentifier>
    </Filter>
    <Filter Include="InGameObject\Light">
      <UniqueIdentifier>{3db9fe08-211a-4ab7-af04-d8f7e42238fc}</UniqueIdentifier>
    </Filter>
    <Filter Include="Util">
      <UniqueIdentifier>{c276c53d-0ad7-4acc-9e61-b7f084f40036}</UniqueIdentifier>
    </Filter>
    <Filter Include="Util\Math">
      <UniqueIdentifier>{ab238667-bd38-4ee5-b864-5883b8402f42}</UniqueIdentifier>
    </Filter>
    <Filter Include="Util\String">
      <UniqueIdentifier>{61b60a8b-7f86-4e8e-879e-7043a6aa993a}</UniqueIdentifier>
    </Filter>
    <Filter Include="Util\Transform">
      <UniqueIdentifier>{0bc34f54-b005-4369-be8b-22023b78e710}</UniqueIdentifier>
    </Filter>
    <Filter Include="Util\LoadingThread">
      <UniqueIdentifier>{cc01e258-1867-4d97-8146-086e983205c5}</UniqueIdentifier>
    </Filter>
    <Filter Include="Util\File">
      <UniqueIdentifier>{9dad287f-9d50-4188-9f5e-35cda007b18f}</UniqueIdentifier>
    </Filter>
    <Filter Include="Util\Figure">
      <UniqueIdentifier>{8b6f8296-0ae8-4b36-aa2b-43b665048919}</UniqueIdentifier>
    </Filter>
    <Filter Include="Util\Timer">
      <UniqueIdentifier>{66a08abe-d6cc-4c4e-984a-314cdbc39975}</UniqueIdentifier>
    </Filter>
    <Filter Include="Util\Rigidbody">
      <UniqueIdentifier>{8b8401ae-3061-4d1f-ba20-13234146e0b7}</UniqueIdentifier>
    </Filter>
    <Filter Include="Util\Animation">
      <UniqueIdentifier>{3320f036-b573-45d9-83a3-0d8cbfcf455c}</UniqueIdentifier>
    </Filter>
    <Filter Include="InGameObject\Aim">
      <UniqueIdentifier>{2910a3e9-cfe9-4dcd-a8f1-21e9c317f233}</UniqueIdentifier>
    </Filter>
    <Filter Include="System\Sound">
      <UniqueIdentifier>{76eafa35-6d78-4629-a346-e1440415d38f}</UniqueIdentifier>
    </Filter>
    <Filter Include="InGameObject\FrameEffect">
      <UniqueIdentifier>{db7e9967-6002-4055-a90b-40d18c062e29}</UniqueIdentifier>
    </Filter>
    <Filter Include="InGameObject\Monster">
      <UniqueIdentifier>{91d937c2-a9d9-4d0f-ba16-f5aa0eda1574}</UniqueIdentifier>
    </Filter>
    <Filter Include="InGameObject\ParticleSystem">
      <UniqueIdentifier>{f27ec736-03e4-4e9b-80a0-e8639c4521ca}</UniqueIdentifier>
    </Filter>
    <Filter Include="InGameObject\ParticleSystem\Particle">
      <UniqueIdentifier>{29133f2c-2db0-4ee2-99f2-a1e418052604}</UniqueIdentifier>
    </Filter>
    <Filter Include="InGameObject\ParticleSystem\ParticleOption">
      <UniqueIdentifier>{1432652c-ce67-4227-aede-0dec566fcac0}</UniqueIdentifier>
    </Filter>
    <Filter Include="InGameObject\ParticleSystem\ParticleOption\Main">
      <UniqueIdentifier>{709411e0-a8f3-4dd5-a36a-02e555356016}</UniqueIdentifier>
    </Filter>
    <Filter Include="InGameObject\ParticleSystem\ParticleOption\Shape">
      <UniqueIdentifier>{5cac4cd0-d3de-42ed-a2f4-5ff6ea1f4440}</UniqueIdentifier>
    </Filter>
    <Filter Include="InGameObject\ParticleSystem\ParticleOption\Render">
      <UniqueIdentifier>{87c8fcfd-58bb-4e9c-838b-77cc56657ca3}</UniqueIdentifier>
    </Filter>
    <Filter Include="InGameObject\ParticleSystem\ParticleOption\RandomOption">
      <UniqueIdentifier>{c46c754a-f20c-4817-bac5-bc86736910df}</UniqueIdentifier>
    </Filter>
    <Filter Include="InGameObject\Item">
      <UniqueIdentifier>{57a8b27f-6e88-43b1-b736-ae98f13356eb}</UniqueIdentifier>
    </Filter>
    <Filter Include="InGameObject\UI">
      <UniqueIdentifier>{4cee8431-b3a7-477c-83c7-ddd871301037}</UniqueIdentifier>
    </Filter>
    <Filter Include="InGameObject\UI\SystemUI">
      <UniqueIdentifier>{c3671079-3d33-4be9-b01a-239ddb907b6d}</UniqueIdentifier>
    </Filter>
    <Filter Include="InGameObject\GameSystem">
      <UniqueIdentifier>{b0b7b2a7-cc48-4e52-8833-519191d3b0a2}</UniqueIdentifier>
    </Filter>
    <Filter Include="InGameObject\UI\SystemUI\Main">
      <UniqueIdentifier>{e8c95837-6945-40e7-8062-79664d9ee03f}</UniqueIdentifier>
    </Filter>
    <Filter Include="MainHeaderCpp\GameObjectHeader">
      <UniqueIdentifier>{1a98decf-addd-4d2d-98a8-3fb7232a423f}</UniqueIdentifier>
    </Filter>
    <Filter Include="InGameObject\UI\GameUIBase">
      <UniqueIdentifier>{8c525a0f-385a-4752-a612-ed85f9c18d6b}</UniqueIdentifier>
    </Filter>
    <Filter Include="InGameObject\UI\UIHelper">
      <UniqueIdentifier>{f956adc6-7ec8-466d-bad4-457d8e8ad8e4}</UniqueIdentifier>
    </Filter>
    <Filter Include="InGameObject\UI\SystemUI\Option">
      <UniqueIdentifier>{063ff2f8-1c38-4b31-b059-2051d80289b9}</UniqueIdentifier>
    </Filter>
    <Filter Include="InGameObject\UI\SystemUI\Audio">
      <UniqueIdentifier>{b17999bb-31d9-4f1a-bcff-6c090dd5d647}</UniqueIdentifier>
    </Filter>
    <Filter Include="InGameObject\UI\SystemUI\Video">
      <UniqueIdentifier>{2c275130-7095-4d1e-995f-92a5dba924bc}</UniqueIdentifier>
    </Filter>
    <Filter Include="InGameObject\GameSystem\UIController">
      <UniqueIdentifier>{80a770d7-9112-4a85-ac10-e2a13b5cdf9c}</UniqueIdentifier>
    </Filter>
    <Filter Include="InGameObject\UI\InventoryUI">
      <UniqueIdentifier>{7be96c26-01e4-4e9b-9f14-adabe796a9fc}</UniqueIdentifier>
    </Filter>
    <Filter Include="InGameObject\Item\ShotGun">
      <UniqueIdentifier>{5f008f18-ca4a-4c9d-927c-f07a6c34bb97}</UniqueIdentifier>
    </Filter>
  </ItemGroup>
  <ItemGroup>
    <ClInclude Include="Resource.h">
      <Filter>리소스 파일</Filter>
    </ClInclude>
    <ClInclude Include="Spelunky.h">
      <Filter>리소스 파일</Filter>
    </ClInclude>
    <ClInclude Include="targetver.h">
      <Filter>리소스 파일</Filter>
    </ClInclude>
    <ClInclude Include="stdafx.h">
      <Filter>MainHeaderCpp</Filter>
    </ClInclude>
    <ClInclude Include="DefineHeader.h">
      <Filter>MainHeaderCpp</Filter>
    </ClInclude>
    <ClInclude Include="EnumStructHeader.h">
      <Filter>MainHeaderCpp</Filter>
    </ClInclude>
    <ClInclude Include="ModuleHeader.h">
      <Filter>MainHeaderCpp</Filter>
    </ClInclude>
    <ClInclude Include="LibraryHeader.h">
      <Filter>MainHeaderCpp</Filter>
    </ClInclude>
    <ClInclude Include="Program.h">
      <Filter>MainEntry</Filter>
    </ClInclude>
    <ClInclude Include="StringHelper.h">
      <Filter>Util\String</Filter>
    </ClInclude>
    <ClInclude Include="Math.h">
      <Filter>Util\Math</Filter>
    </ClInclude>
    <ClInclude Include="Vector2.h">
      <Filter>Util\Math</Filter>
    </ClInclude>
    <ClInclude Include="Figure.h">
      <Filter>Util\Figure</Filter>
    </ClInclude>
    <ClInclude Include="FloatEllipse.h">
      <Filter>Util\Figure</Filter>
    </ClInclude>
    <ClInclude Include="FloatRect.h">
      <Filter>Util\Figure</Filter>
    </ClInclude>
    <ClInclude Include="Line.h">
      <Filter>Util\Figure</Filter>
    </ClInclude>
    <ClInclude Include="Input.h">
      <Filter>System\Input</Filter>
    </ClInclude>
    <ClInclude Include="D2DRenderer.h">
      <Filter>System\Direct2D</Filter>
    </ClInclude>
    <ClInclude Include="Image.h">
      <Filter>System\Image</Filter>
    </ClInclude>
    <ClInclude Include="ImageManager.h">
      <Filter>System\Image</Filter>
    </ClInclude>
    <ClInclude Include="TimeManager.h">
      <Filter>System\Time</Filter>
    </ClInclude>
    <ClInclude Include="Window.h">
      <Filter>System\Window</Filter>
    </ClInclude>
    <ClInclude Include="SingletonBase.h">
      <Filter>System\TSingleton</Filter>
    </ClInclude>
    <ClInclude Include="ShaderBuffer.h">
      <Filter>Shader\Buffer</Filter>
    </ClInclude>
    <ClInclude Include="Buffer.h">
      <Filter>Shader\Buffer</Filter>
    </ClInclude>
    <ClInclude Include="Shader.h">
      <Filter>Shader\Shader</Filter>
    </ClInclude>
    <ClInclude Include="RenderTargetBuffer.h">
      <Filter>Shader\Buffer</Filter>
    </ClInclude>
    <ClInclude Include="D3DRenderer.h">
      <Filter>System\Direct3D</Filter>
    </ClInclude>
    <ClInclude Include="Transform.h">
      <Filter>Util\Transform</Filter>
    </ClInclude>
    <ClInclude Include="DataContext.h">
      <Filter>System\GameEngine\MessageModule</Filter>
    </ClInclude>
    <ClInclude Include="MessageComponent.h">
      <Filter>System\GameEngine\MessageModule</Filter>
    </ClInclude>
    <ClInclude Include="MessageManager.h">
      <Filter>System\GameEngine\MessageModule</Filter>
    </ClInclude>
    <ClInclude Include="GameObject.h">
      <Filter>System\GameObjectBase</Filter>
    </ClInclude>
    <ClInclude Include="SceneManager.h">
      <Filter>System\GameEngine\SceneManager</Filter>
    </ClInclude>
    <ClInclude Include="SceneBase.h">
      <Filter>System\GameEngine\SceneManager\SceneBase</Filter>
    </ClInclude>
    <ClInclude Include="Loading.h">
      <Filter>Util\LoadingThread</Filter>
    </ClInclude>
    <ClInclude Include="ObjectPool.h">
      <Filter>System\GameEngine\ObjectPool</Filter>
    </ClInclude>
    <ClInclude Include="UpdatePool.h">
      <Filter>System\GameEngine\UpdatePool</Filter>
    </ClInclude>
    <ClInclude Include="RenderPool.h">
      <Filter>System\GameEngine\RenderPool</Filter>
    </ClInclude>
    <ClInclude Include="LightingManager.h">
      <Filter>System\GameEngine\LightSystem</Filter>
    </ClInclude>
    <ClInclude Include="BinaryFile.h">
      <Filter>Util\File</Filter>
    </ClInclude>
    <ClInclude Include="Path.h">
      <Filter>Util\File</Filter>
    </ClInclude>
    <ClInclude Include="TextFile.h">
      <Filter>Util\File</Filter>
    </ClInclude>
    <ClInclude Include="DebugSystem.h">
      <Filter>System\DebugSystem</Filter>
    </ClInclude>
    <ClInclude Include="Physics.h">
      <Filter>System\GameEngine\Physics</Filter>
    </ClInclude>
    <ClInclude Include="TestScene.h">
      <Filter>MainEntry\TestScene</Filter>
    </ClInclude>
    <ClInclude Include="Rigidbody.h">
      <Filter>Util\Rigidbody</Filter>
    </ClInclude>
    <ClInclude Include="LoadingScene.h">
      <Filter>System\GameEngine\SceneManager\LoadingScene</Filter>
    </ClInclude>
    <ClInclude Include="CameraManager.h">
      <Filter>System\Camera</Filter>
    </ClInclude>
    <ClInclude Include="TileManager.h">
      <Filter>InGameObject\Tile</Filter>
    </ClInclude>
    <ClInclude Include="Tile.h">
      <Filter>InGameObject\Tile</Filter>
    </ClInclude>
    <ClInclude Include="TileMapGenerator.h">
      <Filter>InGameObject\Tile</Filter>
    </ClInclude>
    <ClInclude Include="Triangle.h">
      <Filter>Util\Figure</Filter>
    </ClInclude>
    <ClInclude Include="DelaunayScene.h">
      <Filter>MainEntry\Delaunay</Filter>
    </ClInclude>
    <ClInclude Include="Macro.h">
      <Filter>MainHeaderCpp</Filter>
    </ClInclude>
    <ClInclude Include="BackGround.h">
      <Filter>InGameObject\BackGround</Filter>
    </ClInclude>
    <ClInclude Include="MapToolScene.h">
      <Filter>MainEntry\MapToolScene</Filter>
    </ClInclude>
    <ClInclude Include="ProcedureGeneration.h">
      <Filter>MainEntry\MapToolScene</Filter>
    </ClInclude>
    <ClInclude Include="Timer.h">
      <Filter>Util\Timer</Filter>
    </ClInclude>
    <ClInclude Include="Unit.h">
      <Filter>InGameObject\Unit</Filter>
    </ClInclude>
    <ClInclude Include="Looper.h">
      <Filter>Util\Timer</Filter>
    </ClInclude>
    <ClInclude Include="Animation.h">
      <Filter>Util\Animation</Filter>
    </ClInclude>
    <ClInclude Include="InterfaceCollision.h">
      <Filter>System\Interface</Filter>
    </ClInclude>
    <ClInclude Include="UnitStateManager.h">
      <Filter>InGameObject\Unit\UnitState</Filter>
    </ClInclude>
    <ClInclude Include="UnitStateBase.h">
      <Filter>InGameObject\Unit\UnitState</Filter>
    </ClInclude>
    <ClInclude Include="Player.h">
      <Filter>InGameObject\Player</Filter>
    </ClInclude>
    <ClInclude Include="Animations.h">
      <Filter>Util\Animation</Filter>
    </ClInclude>
    <ClInclude Include="PlayerState.h">
      <Filter>InGameObject\Player</Filter>
    </ClInclude>
    <ClInclude Include="PlayerKey.h">
      <Filter>InGameObject\Player</Filter>
    </ClInclude>
    <ClInclude Include="PointLight.h">
      <Filter>InGameObject\Light</Filter>
    </ClInclude>
    <ClInclude Include="Aim.h">
      <Filter>InGameObject\Aim</Filter>
    </ClInclude>
    <ClInclude Include="SoundManager.h">
      <Filter>System\Sound</Filter>
    </ClInclude>
    <ClInclude Include="FrameEffect.h">
      <Filter>InGameObject\FrameEffect</Filter>
    </ClInclude>
    <ClInclude Include="Monster.h">
      <Filter>InGameObject\Monster</Filter>
    </ClInclude>
    <ClInclude Include="FrameEffecter.h">
      <Filter>InGameObject\FrameEffect</Filter>
    </ClInclude>
    <ClInclude Include="ParticleSystem.h">
      <Filter>InGameObject\ParticleSystem</Filter>
    </ClInclude>
    <ClInclude Include="Particle.h">
      <Filter>InGameObject\ParticleSystem\Particle</Filter>
    </ClInclude>
    <ClInclude Include="ParticleMainOption.h">
      <Filter>InGameObject\ParticleSystem\ParticleOption\Main</Filter>
    </ClInclude>
    <ClInclude Include="particleShapeOption.h">
      <Filter>InGameObject\ParticleSystem\ParticleOption\Shape</Filter>
    </ClInclude>
    <ClInclude Include="ParticleRenderOption.h">
      <Filter>InGameObject\ParticleSystem\ParticleOption\Render</Filter>
    </ClInclude>
    <ClInclude Include="ParticleRandomOption.h">
      <Filter>InGameObject\ParticleSystem\ParticleOption\RandomOption</Filter>
    </ClInclude>
    <ClInclude Include="Subject.h">
      <Filter>System\Interface</Filter>
    </ClInclude>
    <ClInclude Include="Item.h">
      <Filter>InGameObject\Item</Filter>
    </ClInclude>
    <ClInclude Include="Inventory.h">
      <Filter>InGameObject\Item</Filter>
    </ClInclude>
    <ClInclude Include="GameObjectHeader.h">
      <Filter>MainHeaderCpp\GameObjectHeader</Filter>
    </ClInclude>
    <ClInclude Include="SystemMainUI.h">
      <Filter>InGameObject\UI\SystemUI\Main</Filter>
    </ClInclude>
    <ClInclude Include="GameSystem.h">
      <Filter>InGameObject\GameSystem</Filter>
    </ClInclude>
    <ClInclude Include="GameUI.h">
      <Filter>InGameObject\UI\GameUIBase</Filter>
    </ClInclude>
    <ClInclude Include="SystemUIController.h">
      <Filter>InGameObject\GameSystem\UIController</Filter>
    </ClInclude>
    <ClInclude Include="UIModule.h">
      <Filter>InGameObject\UI\UIHelper</Filter>
    </ClInclude>
    <ClInclude Include="TextButton.h">
      <Filter>InGameObject\UI\UIHelper</Filter>
    </ClInclude>
    <ClInclude Include="SystemOptionUI.h">
      <Filter>InGameObject\UI\SystemUI\Option</Filter>
    </ClInclude>
    <ClInclude Include="SystemAudioUI.h">
      <Filter>InGameObject\UI\SystemUI\Audio</Filter>
    </ClInclude>
    <ClInclude Include="BulletProgress.h">
      <Filter>InGameObject\UI\UIHelper</Filter>
    </ClInclude>
    <ClInclude Include="CheckBoxButton.h">
      <Filter>InGameObject\UI\UIHelper</Filter>
    </ClInclude>
    <ClInclude Include="SystemVideoUI.h">
      <Filter>InGameObject\UI\SystemUI\Video</Filter>
    </ClInclude>
    <ClInclude Include="InventoryUI.h">
      <Filter>InGameObject\UI\InventoryUI</Filter>
    </ClInclude>
    <ClInclude Include="ShotGun.h">
      <Filter>InGameObject\Item\ShotGun</Filter>
    </ClInclude>
  </ItemGroup>
  <ItemGroup>
    <ClCompile Include="Spelunky.cpp">
      <Filter>MainHeaderCpp</Filter>
    </ClCompile>
    <ClCompile Include="stdafx.cpp">
      <Filter>리소스 파일</Filter>
    </ClCompile>
    <ClCompile Include="Program.cpp">
      <Filter>MainEntry</Filter>
    </ClCompile>
    <ClCompile Include="StringHelper.cpp">
      <Filter>Util\String</Filter>
    </ClCompile>
    <ClCompile Include="Math.cpp">
      <Filter>Util\Math</Filter>
    </ClCompile>
    <ClCompile Include="Vector2.cpp">
      <Filter>Util\Math</Filter>
    </ClCompile>
    <ClCompile Include="Figure.cpp">
      <Filter>Util\Figure</Filter>
    </ClCompile>
    <ClCompile Include="FloatEllipse.cpp">
      <Filter>Util\Figure</Filter>
    </ClCompile>
    <ClCompile Include="FloatRect.cpp">
      <Filter>Util\Figure</Filter>
    </ClCompile>
    <ClCompile Include="Line.cpp">
      <Filter>Util\Figure</Filter>
    </ClCompile>
    <ClCompile Include="Input.cpp">
      <Filter>System\Input</Filter>
    </ClCompile>
    <ClCompile Include="D2DRenderer + DrawFunc.cpp">
      <Filter>System\Direct2D</Filter>
    </ClCompile>
    <ClCompile Include="D2DRenderer.cpp">
      <Filter>System\Direct2D</Filter>
    </ClCompile>
    <ClCompile Include="Image.cpp">
      <Filter>System\Image</Filter>
    </ClCompile>
    <ClCompile Include="ImageManager.cpp">
      <Filter>System\Image</Filter>
    </ClCompile>
    <ClCompile Include="TimeManager.cpp">
      <Filter>System\Time</Filter>
    </ClCompile>
    <ClCompile Include="Window.cpp">
      <Filter>System\Window</Filter>
    </ClCompile>
    <ClCompile Include="Buffer.cpp">
      <Filter>Shader\Buffer</Filter>
    </ClCompile>
    <ClCompile Include="Shader.cpp">
      <Filter>Shader\Shader</Filter>
    </ClCompile>
    <ClCompile Include="RenderTargetBuffer.cpp">
      <Filter>Shader\Buffer</Filter>
    </ClCompile>
    <ClCompile Include="D3DRenderer.cpp">
      <Filter>System\Direct3D</Filter>
    </ClCompile>
    <ClCompile Include="Transform.cpp">
      <Filter>Util\Transform</Filter>
    </ClCompile>
    <ClCompile Include="GameObject.cpp">
      <Filter>System\GameObjectBase</Filter>
    </ClCompile>
    <ClCompile Include="DataContext.cpp">
      <Filter>System\GameEngine\MessageModule</Filter>
    </ClCompile>
    <ClCompile Include="MessageComponent.cpp">
      <Filter>System\GameEngine\MessageModule</Filter>
    </ClCompile>
    <ClCompile Include="MessageManager.cpp">
      <Filter>System\GameEngine\MessageModule</Filter>
    </ClCompile>
    <ClCompile Include="SceneManager.cpp">
      <Filter>System\GameEngine\SceneManager</Filter>
    </ClCompile>
    <ClCompile Include="SceneBase.cpp">
      <Filter>System\GameEngine\SceneManager\SceneBase</Filter>
    </ClCompile>
    <ClCompile Include="Loading.cpp">
      <Filter>Util\LoadingThread</Filter>
    </ClCompile>
    <ClCompile Include="ObjectPool.cpp">
      <Filter>System\GameEngine\ObjectPool</Filter>
    </ClCompile>
    <ClCompile Include="UpdatePool.cpp">
      <Filter>System\GameEngine\UpdatePool</Filter>
    </ClCompile>
    <ClCompile Include="RenderPool.cpp">
      <Filter>System\GameEngine\RenderPool</Filter>
    </ClCompile>
    <ClCompile Include="LightingManager.cpp">
      <Filter>System\GameEngine\LightSystem</Filter>
    </ClCompile>
    <ClCompile Include="BinaryFile.cpp">
      <Filter>Util\File</Filter>
    </ClCompile>
    <ClCompile Include="Path.cpp">
      <Filter>Util\File</Filter>
    </ClCompile>
    <ClCompile Include="TextFile.cpp">
      <Filter>Util\File</Filter>
    </ClCompile>
    <ClCompile Include="DebugSystem.cpp">
      <Filter>System\DebugSystem</Filter>
    </ClCompile>
    <ClCompile Include="Physics.cpp">
      <Filter>System\GameEngine\Physics</Filter>
    </ClCompile>
    <ClCompile Include="TestScene.cpp">
      <Filter>MainEntry\TestScene</Filter>
    </ClCompile>
    <ClCompile Include="Rigidbody.cpp">
      <Filter>Util\Rigidbody</Filter>
    </ClCompile>
    <ClCompile Include="LoadingScene.cpp">
      <Filter>System\GameEngine\SceneManager\LoadingScene</Filter>
    </ClCompile>
    <ClCompile Include="CameraManager.cpp">
      <Filter>System\Camera</Filter>
    </ClCompile>
    <ClCompile Include="TileManager.cpp">
      <Filter>InGameObject\Tile</Filter>
    </ClCompile>
    <ClCompile Include="Tile.cpp">
      <Filter>InGameObject\Tile</Filter>
    </ClCompile>
    <ClCompile Include="TileMapGenerator.cpp">
      <Filter>InGameObject\Tile</Filter>
    </ClCompile>
    <ClCompile Include="Triangle.cpp">
      <Filter>Util\Figure</Filter>
    </ClCompile>
    <ClCompile Include="DelaunayScene.cpp">
      <Filter>MainEntry\Delaunay</Filter>
    </ClCompile>
    <ClCompile Include="BackGround.cpp">
      <Filter>InGameObject\BackGround</Filter>
    </ClCompile>
    <ClCompile Include="TileMapGeneration + Create.cpp">
      <Filter>InGameObject\Tile</Filter>
    </ClCompile>
    <ClCompile Include="MapToolScene.cpp">
      <Filter>MainEntry\MapToolScene</Filter>
    </ClCompile>
    <ClCompile Include="ProcedureGeneration.cpp">
      <Filter>MainEntry\MapToolScene</Filter>
    </ClCompile>
    <ClCompile Include="Timer.cpp">
      <Filter>Util\Timer</Filter>
    </ClCompile>
    <ClCompile Include="Unit.cpp">
      <Filter>InGameObject\Unit</Filter>
    </ClCompile>
    <ClCompile Include="Looper.cpp">
      <Filter>Util\Timer</Filter>
    </ClCompile>
    <ClCompile Include="Animation.cpp">
      <Filter>Util\Animation</Filter>
    </ClCompile>
    <ClCompile Include="InterfaceCollision.cpp">
      <Filter>System\Interface</Filter>
    </ClCompile>
    <ClCompile Include="UnitStateManager.cpp">
      <Filter>InGameObject\Unit\UnitState</Filter>
    </ClCompile>
    <ClCompile Include="UnitStateBase.cpp">
      <Filter>InGameObject\Unit\UnitState</Filter>
    </ClCompile>
    <ClCompile Include="Player.cpp">
      <Filter>InGameObject\Player</Filter>
    </ClCompile>
    <ClCompile Include="Animations.cpp">
      <Filter>Util\Animation</Filter>
    </ClCompile>
    <ClCompile Include="PlayerState.cpp">
      <Filter>InGameObject\Player</Filter>
    </ClCompile>
    <ClCompile Include="PlayerKey.cpp">
      <Filter>InGameObject\Player</Filter>
    </ClCompile>
    <ClCompile Include="PointLight.cpp">
      <Filter>InGameObject\Light</Filter>
    </ClCompile>
    <ClCompile Include="Aim.cpp">
      <Filter>InGameObject\Aim</Filter>
    </ClCompile>
    <ClCompile Include="SoundManager.cpp">
      <Filter>System\Sound</Filter>
    </ClCompile>
    <ClCompile Include="FrameEffect.cpp">
      <Filter>InGameObject\FrameEffect</Filter>
    </ClCompile>
    <ClCompile Include="Monster.cpp">
      <Filter>InGameObject\Monster</Filter>
    </ClCompile>
    <ClCompile Include="FrameEffecter.cpp">
      <Filter>InGameObject\FrameEffect</Filter>
    </ClCompile>
    <ClCompile Include="ParticleSystem.cpp">
      <Filter>InGameObject\ParticleSystem</Filter>
    </ClCompile>
    <ClCompile Include="Particle.cpp">
      <Filter>InGameObject\ParticleSystem\Particle</Filter>
    </ClCompile>
    <ClCompile Include="ParticleMainOption.cpp">
      <Filter>InGameObject\ParticleSystem\ParticleOption\Main</Filter>
    </ClCompile>
    <ClCompile Include="particleShapeOption.cpp">
      <Filter>InGameObject\ParticleSystem\ParticleOption\Shape</Filter>
    </ClCompile>
    <ClCompile Include="ParticleRenderOption.cpp">
      <Filter>InGameObject\ParticleSystem\ParticleOption\Render</Filter>
    </ClCompile>
    <ClCompile Include="ParticleRandomOption.cpp">
      <Filter>InGameObject\ParticleSystem\ParticleOption\RandomOption</Filter>
    </ClCompile>
    <ClCompile Include="Subject.cpp">
      <Filter>System\Interface</Filter>
    </ClCompile>
    <ClCompile Include="Item.cpp">
      <Filter>InGameObject\Item</Filter>
    </ClCompile>
    <ClCompile Include="Inventory.cpp">
      <Filter>InGameObject\Item</Filter>
    </ClCompile>
    <ClCompile Include="SystemMainUI.cpp">
      <Filter>InGameObject\UI\SystemUI\Main</Filter>
    </ClCompile>
    <ClCompile Include="GameSystem.cpp">
      <Filter>InGameObject\GameSystem</Filter>
    </ClCompile>
    <ClCompile Include="GameUI.cpp">
      <Filter>InGameObject\UI\GameUIBase</Filter>
    </ClCompile>
    <ClCompile Include="SystemUIController.cpp">
      <Filter>InGameObject\GameSystem\UIController</Filter>
    </ClCompile>
    <ClCompile Include="UIModule.cpp">
      <Filter>InGameObject\UI\UIHelper</Filter>
    </ClCompile>
    <ClCompile Include="TextButton.cpp">
      <Filter>InGameObject\UI\UIHelper</Filter>
    </ClCompile>
    <ClCompile Include="SystemOptionUI.cpp">
      <Filter>InGameObject\UI\SystemUI\Option</Filter>
    </ClCompile>
    <ClCompile Include="SystemAudioUI.cpp">
      <Filter>InGameObject\UI\SystemUI\Audio</Filter>
    </ClCompile>
    <ClCompile Include="BulletProgress.cpp">
      <Filter>InGameObject\UI\UIHelper</Filter>
    </ClCompile>
    <ClCompile Include="CheckBoxButton.cpp">
      <Filter>InGameObject\UI\UIHelper</Filter>
    </ClCompile>
    <ClCompile Include="SystemVideoUI.cpp">
      <Filter>InGameObject\UI\SystemUI\Video</Filter>
    </ClCompile>
    <ClCompile Include="InventoryUI.cpp">
      <Filter>InGameObject\UI\InventoryUI</Filter>
    </ClCompile>
    <ClCompile Include="ShotGun.cpp">
      <Filter>InGameObject\Item\ShotGun</Filter>
    </ClCompile>
  </ItemGroup>
  <ItemGroup>
    <ResourceCompile Include="Spelunky.rc">
      <Filter>리소스 파일</Filter>
    </ResourceCompile>
  </ItemGroup>
  <ItemGroup>
    <Image Include="small.ico">
      <Filter>리소스 파일</Filter>
    </Image>
    <Image Include="Spelunky.ico">
      <Filter>리소스 파일</Filter>
    </Image>
  </ItemGroup>
  <ItemGroup>
    <None Include="Deferred.hlsl">
      <Filter>Shader\HLSL</Filter>
    </None>
    <None Include="Lighting.hlsl">
      <Filter>Shader\HLSL</Filter>
    </None>
  </ItemGroup>
</Project>